# THIS IS AN AUTOGENERATED FILE. DO NOT EDIT THIS FILE DIRECTLY.
# yarn lockfile v1


bats-assert@bats-core/bats-assert#2.0.0:
  version "2.0.0"
  uid d750c5a1b44bf6fc96726aea76f4621db5fd602f
  resolved "https://codeload.github.com/bats-core/bats-assert/tar.gz/d750c5a1b44bf6fc96726aea76f4621db5fd602f"

bats-file@bats-core/bats-file#0.3.0:
  version "0.2.0"
  uid c128a1de53ba4a811835af410ce427f1049e2d7f
  resolved "https://codeload.github.com/bats-core/bats-file/tar.gz/c128a1de53ba4a811835af410ce427f1049e2d7f"

bats-support@bats-core/bats-support#0.3.0:
  version "0.3.0"
  uid "24a72e14349690bcbf7c151b9d2d1cdd32d36eb1"
  resolved "https://codeload.github.com/bats-core/bats-support/tar.gz/24a72e14349690bcbf7c151b9d2d1cdd32d36eb1"

bats@^1.5.0:
  version "1.5.0"
  resolved "https://registry.yarnpkg.com/bats/-/bats-1.5.0.tgz#683f522e89df7d8fc99bf3631d35501f35445166"
  integrity sha512-83YgQw24Yi2c1ctB0Vd7WCsACUMSWuEtOboxQZyFQYfiv9hDMW7nk7bdloqGLg3vK5pOODCBGBQjhvRmHKsJuA==

husky@^8.0.0:
  version "8.0.2"
  resolved "https://registry.yarnpkg.com/husky/-/husky-8.0.2.tgz#5816a60db02650f1f22c8b69b928fd6bcd77a236"
  integrity sha512-Tkv80jtvbnkK3mYWxPZePGFpQ/tT3HNSs/sasF9P2YfkMezDl3ON37YN6jUUI4eTg5LcyVynlb6r4eyvOmspvg==
