# THIS IS AN AUTOGENERATED FILE. DO NOT EDIT THIS FILE DIRECTLY.
# yarn lockfile v1


bats-assert@bats-core/bats-assert#2.0.0:
  version "2.0.0"
  uid d750c5a1b44bf6fc96726aea76f4621db5fd602f
  resolved "https://codeload.github.com/bats-core/bats-assert/tar.gz/d750c5a1b44bf6fc96726aea76f4621db5fd602f"

bats-file@bats-core/bats-file#0.3.0:
  version "0.2.0"
  uid c128a1de53ba4a811835af410ce427f1049e2d7f
  resolved "https://codeload.github.com/bats-core/bats-file/tar.gz/c128a1de53ba4a811835af410ce427f1049e2d7f"

bats-support@bats-core/bats-support#0.3.0:
  version "0.3.0"
  uid "24a72e14349690bcbf7c151b9d2d1cdd32d36eb1"
  resolved "https://codeload.github.com/bats-core/bats-support/tar.gz/24a72e14349690bcbf7c151b9d2d1cdd32d36eb1"

bats@^1.4.1:
  version "1.4.1"
  resolved "https://registry.yarnpkg.com/bats/-/bats-1.4.1.tgz#ef1eeee42835ecf971a55da2d5505e9f64ea73ca"
  integrity sha512-sZgqfOHgPqtQSD84WKQiNU3a/44hQiiHGtA43gTUPeOdl5jYhnXSBNGCa8DGlKc8JpI/UUYcaPNf0Afg3OOibQ==

husky@^7.0.1:
  version "7.0.1"
  resolved "https://registry.yarnpkg.com/husky/-/husky-7.0.1.tgz#579f4180b5da4520263e8713cc832942b48e1f1c"
  integrity sha512-gceRaITVZ+cJH9sNHqx5tFwbzlLCVxtVZcusME8JYQ8Edy5mpGDOqD8QBCdMhpyo9a+JXddnujQ4rpY2Ff9SJA==
